
Microsoft Visual Studio Solution File, Format Version 9.00
# Visual Studio 2005
Project("{FAE04EC0-301F-11D3-BF4B-00C04F79EFBC}") = "FtpClient", "FtpClient\FtpClient.csproj", "{FC9E8EDA-1130-4991-9AB3-A144B3BC2840}"
EndProject
Project("{F184B08F-C81C-45F6-A57F-5ABD9991F28F}") = "VNN_VIDEOSVC", "VNN_VIDEOSVC\VNN_VIDEOSVC.vbproj", "{012DA711-2F3B-4025-9FB0-6EE1E4481BD2}"
EndProject
Project("{F184B08F-C81C-45F6-A57F-5ABD9991F28F}") = "VideoSyncProcess", "VideoSyncProcess\VideoSyncProcess.vbproj", "{32240FAB-5D60-4013-A9BC-E9E8E5A73119}"
EndProject
Project("{FAE04EC0-301F-11D3-BF4B-00C04F79EFBC}") = "VideoDAL", "VideoDAL\VideoDAL.csproj", "{A4E50BBE-F644-47FD-8AFF-879343EC992F}"
EndProject
Project("{F184B08F-C81C-45F6-A57F-5ABD9991F28F}") = "Config", "Config\Config.vbproj", "{69C49CC0-4BC0-49CD-AE85-C8D6D0C6885B}"
EndProject
Global
	GlobalSection(VaultVsipSolution-v1) = preSolution
		VaultHost = http://10.4.6.78/VaultService
		VaultRepositoryID = 3
		VaultRepositoryGUID = c1529b89-63e8-4cab-8ed5-d8d37f863347
		ProjectCount = 5
		ProjectRelativeDiskPath1 = FtpClient\FtpClient.csproj
		ProjectRelativeDiskPath2 = VNN_VIDEOSVC\VNN_VIDEOSVC.vbproj
		ProjectRelativeDiskPath3 = VideoSyncProcess\VideoSyncProcess.vbproj
		ProjectRelativeDiskPath4 = VideoDAL\VideoDAL.csproj
		ProjectRelativeDiskPath5 = Config\Config.vbproj
	EndGlobalSection
	GlobalSection(SolutionConfigurationPlatforms) = preSolution
		Debug|Any CPU = Debug|Any CPU
		Release|Any CPU = Release|Any CPU
	EndGlobalSection
	GlobalSection(ProjectConfigurationPlatforms) = postSolution
		{FC9E8EDA-1130-4991-9AB3-A144B3BC2840}.Debug|Any CPU.ActiveCfg = Debug|Any CPU
		{FC9E8EDA-1130-4991-9AB3-A144B3BC2840}.Debug|Any CPU.Build.0 = Debug|Any CPU
		{FC9E8EDA-1130-4991-9AB3-A144B3BC2840}.Release|Any CPU.ActiveCfg = Release|Any CPU
		{FC9E8EDA-1130-4991-9AB3-A144B3BC2840}.Release|Any CPU.Build.0 = Release|Any CPU
		{012DA711-2F3B-4025-9FB0-6EE1E4481BD2}.Debug|Any CPU.ActiveCfg = Debug|Any CPU
		{012DA711-2F3B-4025-9FB0-6EE1E4481BD2}.Debug|Any CPU.Build.0 = Debug|Any CPU
		{012DA711-2F3B-4025-9FB0-6EE1E4481BD2}.Release|Any CPU.ActiveCfg = Release|Any CPU
		{012DA711-2F3B-4025-9FB0-6EE1E4481BD2}.Release|Any CPU.Build.0 = Release|Any CPU
		{32240FAB-5D60-4013-A9BC-E9E8E5A73119}.Debug|Any CPU.ActiveCfg = Debug|Any CPU
		{32240FAB-5D60-4013-A9BC-E9E8E5A73119}.Debug|Any CPU.Build.0 = Debug|Any CPU
		{32240FAB-5D60-4013-A9BC-E9E8E5A73119}.Release|Any CPU.ActiveCfg = Release|Any CPU
		{32240FAB-5D60-4013-A9BC-E9E8E5A73119}.Release|Any CPU.Build.0 = Release|Any CPU
		{A4E50BBE-F644-47FD-8AFF-879343EC992F}.Debug|Any CPU.ActiveCfg = Debug|Any CPU
		{A4E50BBE-F644-47FD-8AFF-879343EC992F}.Debug|Any CPU.Build.0 = Debug|Any CPU
		{A4E50BBE-F644-47FD-8AFF-879343EC992F}.Release|Any CPU.ActiveCfg = Release|Any CPU
		{A4E50BBE-F644-47FD-8AFF-879343EC992F}.Release|Any CPU.Build.0 = Release|Any CPU
		{69C49CC0-4BC0-49CD-AE85-C8D6D0C6885B}.Debug|Any CPU.ActiveCfg = Debug|Any CPU
		{69C49CC0-4BC0-49CD-AE85-C8D6D0C6885B}.Debug|Any CPU.Build.0 = Debug|Any CPU
		{69C49CC0-4BC0-49CD-AE85-C8D6D0C6885B}.Release|Any CPU.ActiveCfg = Release|Any CPU
		{69C49CC0-4BC0-49CD-AE85-C8D6D0C6885B}.Release|Any CPU.Build.0 = Release|Any CPU
	EndGlobalSection
	GlobalSection(SolutionProperties) = preSolution
		HideSolutionNode = FALSE
	EndGlobalSection
EndGlobal
